version: 2.0
shards:
  luajit:
    git: https://github.com/mdwagner/luajit.cr.git
    version: 0.4.0

  point_click_engine:
    path: ../point_click_engine
    version: 0.2.0

  raylib-cr:
    git: https://github.com/sol-vin/raylib-cr.git
    version: 5.0+git.commit.2988c5f3943f2122425dcf22f378d7b519af02b7

